
Microsoft Visual Studio Solution File, Format Version 12.00
# Visual Studio Version 17
VisualStudioVersion = 17.6.33829.357
MinimumVisualStudioVersion = 10.0.40219.1
Project("{FAE04EC0-301F-11D3-BF4B-00C04F79EFBC}") = "DockerDemo", "DockerDemo\DockerDemo.csproj", "{B6D33386-B8C6-4FE1-BBFD-B988686E62FD}"
EndProject
Project("{E53339B2-1760-4266-BCC7-CA923CBCF16C}") = "docker-compose", "docker-compose.dcproj", "{AEDDA680-6664-4597-B2AE-1FDAB0FB45FE}"
EndProject
Global
	GlobalSection(SolutionConfigurationPlatforms) = preSolution
		Debug|Any CPU = Debug|Any CPU
		Release|Any CPU = Release|Any CPU
	EndGlobalSection
	GlobalSection(ProjectConfigurationPlatforms) = postSolution
		{B6D33386-B8C6-4FE1-BBFD-B988686E62FD}.Debug|Any CPU.ActiveCfg = Debug|Any CPU
		{B6D33386-B8C6-4FE1-BBFD-B988686E62FD}.Debug|Any CPU.Build.0 = Debug|Any CPU
		{B6D33386-B8C6-4FE1-BBFD-B988686E62FD}.Release|Any CPU.ActiveCfg = Release|Any CPU
		{B6D33386-B8C6-4FE1-BBFD-B988686E62FD}.Release|Any CPU.Build.0 = Release|Any CPU
		{AEDDA680-6664-4597-B2AE-1FDAB0FB45FE}.Debug|Any CPU.ActiveCfg = Debug|Any CPU
		{AEDDA680-6664-4597-B2AE-1FDAB0FB45FE}.Debug|Any CPU.Build.0 = Debug|Any CPU
		{AEDDA680-6664-4597-B2AE-1FDAB0FB45FE}.Release|Any CPU.ActiveCfg = Release|Any CPU
		{AEDDA680-6664-4597-B2AE-1FDAB0FB45FE}.Release|Any CPU.Build.0 = Release|Any CPU
	EndGlobalSection
	GlobalSection(SolutionProperties) = preSolution
		HideSolutionNode = FALSE
	EndGlobalSection
	GlobalSection(ExtensibilityGlobals) = postSolution
		SolutionGuid = {5D586AEB-5AC3-478D-86E7-5E800E21DB74}
	EndGlobalSection
EndGlobal
